
Microsoft Visual Studio Solution File, Format Version 12.00
# Visual Studio Version 17
VisualStudioVersion = 17.4.33205.214
MinimumVisualStudioVersion = 10.0.40219.1
Project("{FAE04EC0-301F-11D3-BF4B-00C04F79EFBC}") = "Dashboard_DI04", "Dashboard_DI04\Dashboard_DI04.csproj", "{B75CBD07-6FD6-41C3-88BE-8A38471E0998}"
EndProject
Project("{2150E333-8FDC-42A3-9474-1A3956D46DE8}") = "BLL", "BLL", "{FA8D61D6-E1E7-4B0A-B914-BB98DB7FB9DC}"
EndProject
Project("{2150E333-8FDC-42A3-9474-1A3956D46DE8}") = "DAL", "DAL", "{91E37159-15C1-4677-A609-53574548C8A5}"
EndProject
Project("{2150E333-8FDC-42A3-9474-1A3956D46DE8}") = "UI", "UI", "{26402728-1A1B-4A42-8B5F-8D964971757E}"
EndProject
Project("{2150E333-8FDC-42A3-9474-1A3956D46DE8}") = "UTILIDADES", "UTILIDADES", "{7E62F0F4-12C4-4041-AD34-FA88A71CC375}"
EndProject
Project("{FAE04EC0-301F-11D3-BF4B-00C04F79EFBC}") = "UTILIDADES", "UTILIDADES\UTILIDADES.csproj", "{26A89895-1B46-406E-B08C-A446CB49F971}"
EndProject
Project("{FAE04EC0-301F-11D3-BF4B-00C04F79EFBC}") = "GESTOR_BLL", "GESTOR_BLL\GESTOR_BLL.csproj", "{0D184A8D-7D21-4BDD-9FE3-349735FF0A88}"
EndProject
Project("{FAE04EC0-301F-11D3-BF4B-00C04F79EFBC}") = "GESTOR_DAL", "GESTOR_DAL\GESTOR_DAL.csproj", "{26F98B39-45A8-42BC-B2CA-3355C139D620}"
EndProject
Project("{2150E333-8FDC-42A3-9474-1A3956D46DE8}") = "DTO", "DTO", "{E5266BD3-087A-46A5-BEB8-012C60DF1840}"
EndProject
Project("{54435603-DBB4-11D2-8724-00A0C9A8B90C}") = "InstaladorApp_DI06", "InstaladorApp_DI06\InstaladorApp_DI06.vdproj", "{500A481D-422C-4EEC-9889-6BCB1566282F}"
EndProject
Global
	GlobalSection(SolutionConfigurationPlatforms) = preSolution
		Debug|Any CPU = Debug|Any CPU
		Debug|ARM64 = Debug|ARM64
		Release|Any CPU = Release|Any CPU
		Release|ARM64 = Release|ARM64
	EndGlobalSection
	GlobalSection(ProjectConfigurationPlatforms) = postSolution
		{B75CBD07-6FD6-41C3-88BE-8A38471E0998}.Debug|Any CPU.ActiveCfg = Debug|Any CPU
		{B75CBD07-6FD6-41C3-88BE-8A38471E0998}.Debug|Any CPU.Build.0 = Debug|Any CPU
		{B75CBD07-6FD6-41C3-88BE-8A38471E0998}.Debug|ARM64.ActiveCfg = Debug|ARM64
		{B75CBD07-6FD6-41C3-88BE-8A38471E0998}.Debug|ARM64.Build.0 = Debug|ARM64
		{B75CBD07-6FD6-41C3-88BE-8A38471E0998}.Release|Any CPU.ActiveCfg = Debug|Any CPU
		{B75CBD07-6FD6-41C3-88BE-8A38471E0998}.Release|Any CPU.Build.0 = Debug|Any CPU
		{B75CBD07-6FD6-41C3-88BE-8A38471E0998}.Release|ARM64.ActiveCfg = Release|ARM64
		{B75CBD07-6FD6-41C3-88BE-8A38471E0998}.Release|ARM64.Build.0 = Release|ARM64
		{26A89895-1B46-406E-B08C-A446CB49F971}.Debug|Any CPU.ActiveCfg = Debug|Any CPU
		{26A89895-1B46-406E-B08C-A446CB49F971}.Debug|Any CPU.Build.0 = Debug|Any CPU
		{26A89895-1B46-406E-B08C-A446CB49F971}.Debug|ARM64.ActiveCfg = Debug|Any CPU
		{26A89895-1B46-406E-B08C-A446CB49F971}.Debug|ARM64.Build.0 = Debug|Any CPU
		{26A89895-1B46-406E-B08C-A446CB49F971}.Release|Any CPU.ActiveCfg = Debug|Any CPU
		{26A89895-1B46-406E-B08C-A446CB49F971}.Release|Any CPU.Build.0 = Debug|Any CPU
		{26A89895-1B46-406E-B08C-A446CB49F971}.Release|ARM64.ActiveCfg = Release|Any CPU
		{0D184A8D-7D21-4BDD-9FE3-349735FF0A88}.Debug|Any CPU.ActiveCfg = Debug|Any CPU
		{0D184A8D-7D21-4BDD-9FE3-349735FF0A88}.Debug|Any CPU.Build.0 = Debug|Any CPU
		{0D184A8D-7D21-4BDD-9FE3-349735FF0A88}.Debug|ARM64.ActiveCfg = Debug|Any CPU
		{0D184A8D-7D21-4BDD-9FE3-349735FF0A88}.Debug|ARM64.Build.0 = Debug|Any CPU
		{0D184A8D-7D21-4BDD-9FE3-349735FF0A88}.Release|Any CPU.ActiveCfg = Debug|Any CPU
		{0D184A8D-7D21-4BDD-9FE3-349735FF0A88}.Release|Any CPU.Build.0 = Debug|Any CPU
		{0D184A8D-7D21-4BDD-9FE3-349735FF0A88}.Release|ARM64.ActiveCfg = Release|Any CPU
		{26F98B39-45A8-42BC-B2CA-3355C139D620}.Debug|Any CPU.ActiveCfg = Debug|Any CPU
		{26F98B39-45A8-42BC-B2CA-3355C139D620}.Debug|Any CPU.Build.0 = Debug|Any CPU
		{26F98B39-45A8-42BC-B2CA-3355C139D620}.Debug|ARM64.ActiveCfg = Debug|Any CPU
		{26F98B39-45A8-42BC-B2CA-3355C139D620}.Debug|ARM64.Build.0 = Debug|Any CPU
		{26F98B39-45A8-42BC-B2CA-3355C139D620}.Release|Any CPU.ActiveCfg = Debug|Any CPU
		{26F98B39-45A8-42BC-B2CA-3355C139D620}.Release|Any CPU.Build.0 = Debug|Any CPU
		{26F98B39-45A8-42BC-B2CA-3355C139D620}.Release|ARM64.ActiveCfg = Release|Any CPU
		{500A481D-422C-4EEC-9889-6BCB1566282F}.Debug|Any CPU.ActiveCfg = Debug
		{500A481D-422C-4EEC-9889-6BCB1566282F}.Debug|ARM64.ActiveCfg = Debug
		{500A481D-422C-4EEC-9889-6BCB1566282F}.Debug|ARM64.Build.0 = Debug
		{500A481D-422C-4EEC-9889-6BCB1566282F}.Release|Any CPU.ActiveCfg = Debug
		{500A481D-422C-4EEC-9889-6BCB1566282F}.Release|ARM64.ActiveCfg = Release
		{500A481D-422C-4EEC-9889-6BCB1566282F}.Release|ARM64.Build.0 = Release
	EndGlobalSection
	GlobalSection(SolutionProperties) = preSolution
		HideSolutionNode = FALSE
	EndGlobalSection
	GlobalSection(NestedProjects) = preSolution
		{B75CBD07-6FD6-41C3-88BE-8A38471E0998} = {26402728-1A1B-4A42-8B5F-8D964971757E}
		{26A89895-1B46-406E-B08C-A446CB49F971} = {7E62F0F4-12C4-4041-AD34-FA88A71CC375}
		{0D184A8D-7D21-4BDD-9FE3-349735FF0A88} = {FA8D61D6-E1E7-4B0A-B914-BB98DB7FB9DC}
		{26F98B39-45A8-42BC-B2CA-3355C139D620} = {91E37159-15C1-4677-A609-53574548C8A5}
		{E5266BD3-087A-46A5-BEB8-012C60DF1840} = {7E62F0F4-12C4-4041-AD34-FA88A71CC375}
	EndGlobalSection
	GlobalSection(ExtensibilityGlobals) = postSolution
		SolutionGuid = {C34361D8-2014-40CD-8247-6FA9EB8386B3}
	EndGlobalSection
EndGlobal
